
Microsoft Visual Studio Solution File, Format Version 12.00
# Visual Studio Version 16
VisualStudioVersion = 16.0.30503.244
MinimumVisualStudioVersion = 10.0.40219.1
Project("{FAE04EC0-301F-11D3-BF4B-00C04F79EFBC}") = "XML Movie Reader", "XML Movie Reader\XML Movie Reader.csproj", "{6BE69336-751A-48CE-A274-BEF5EE6287C0}"
EndProject
Global
	GlobalSection(SolutionConfigurationPlatforms) = preSolution
		Debug|Any CPU = Debug|Any CPU
		Release|Any CPU = Release|Any CPU
	EndGlobalSection
	GlobalSection(ProjectConfigurationPlatforms) = postSolution
		{6BE69336-751A-48CE-A274-BEF5EE6287C0}.Debug|Any CPU.ActiveCfg = Debug|Any CPU
		{6BE69336-751A-48CE-A274-BEF5EE6287C0}.Debug|Any CPU.Build.0 = Debug|Any CPU
		{6BE69336-751A-48CE-A274-BEF5EE6287C0}.Release|Any CPU.ActiveCfg = Release|Any CPU
		{6BE69336-751A-48CE-A274-BEF5EE6287C0}.Release|Any CPU.Build.0 = Release|Any CPU
	EndGlobalSection
	GlobalSection(SolutionProperties) = preSolution
		HideSolutionNode = FALSE
	EndGlobalSection
	GlobalSection(ExtensibilityGlobals) = postSolution
		SolutionGuid = {32EB7580-E06C-4D1D-9229-DE51E86601E1}
	EndGlobalSection
EndGlobal
